// !$*UTF8*$!
{
	archiveVersion = 1;
	classes = {
	};
	objectVersion = 46;
	objects = {

/* Begin PBXBuildFile section */
		DBBA278A1B79E5C60005C124 /* AppDelegate.swift in Sources */ = {isa = PBXBuildFile; fileRef = DBBA27891B79E5C60005C124 /* AppDelegate.swift */; };
		DBBA278C1B79E5C60005C124 /* Images.xcassets in Resources */ = {isa = PBXBuildFile; fileRef = DBBA278B1B79E5C60005C124 /* Images.xcassets */; };
		DBBA278F1B79E5C60005C124 /* MainMenu.xib in Resources */ = {isa = PBXBuildFile; fileRef = DBBA278D1B79E5C60005C124 /* MainMenu.xib */; };
		DBBA27A51B79E9FB0005C124 /* CustomCell.xib in Resources */ = {isa = PBXBuildFile; fileRef = DBBA27A41B79E9FB0005C124 /* CustomCell.xib */; };
		DBBA27A71B79EA640005C124 /* CustomCell.swift in Sources */ = {isa = PBXBuildFile; fileRef = DBBA27A61B79EA640005C124 /* CustomCell.swift */; };
/* End PBXBuildFile section */

/* Begin PBXFileReference section */
		DBBA27841B79E5C60005C124 /* MacNSTableView.app */ = {isa = PBXFileReference; explicitFileType = wrapper.application; includeInIndex = 0; path = MacNSTableView.app; sourceTree = BUILT_PRODUCTS_DIR; };
		DBBA27881B79E5C60005C124 /* Info.plist */ = {isa = PBXFileReference; lastKnownFileType = text.plist.xml; path = Info.plist; sourceTree = "<group>"; };
		DBBA27891B79E5C60005C124 /* AppDelegate.swift */ = {isa = PBXFileReference; lastKnownFileType = sourcecode.swift; path = AppDelegate.swift; sourceTree = "<group>"; };
		DBBA278B1B79E5C60005C124 /* Images.xcassets */ = {isa = PBXFileReference; lastKnownFileType = folder.assetcatalog; path = Images.xcassets; sourceTree = "<group>"; };
		DBBA278E1B79E5C60005C124 /* Base */ = {isa = PBXFileReference; lastKnownFileType = file.xib; name = Base; path = Base.lproj/MainMenu.xib; sourceTree = "<group>"; };
		DBBA27A41B79E9FB0005C124 /* CustomCell.xib */ = {isa = PBXFileReference; fileEncoding = 4; lastKnownFileType = file.xib; path = CustomCell.xib; sourceTree = "<group>"; };
		DBBA27A61B79EA640005C124 /* CustomCell.swift */ = {isa = PBXFileReference; fileEncoding = 4; lastKnownFileType = sourcecode.swift; path = CustomCell.swift; sourceTree = "<group>"; };
/* End PBXFileReference section */

/* Begin PBXFrameworksBuildPhase section */
		DBBA27811B79E5C60005C124 /* Frameworks */ = {
			isa = PBXFrameworksBuildPhase;
			buildActionMask = 2147483647;
			files = (
			);
			runOnlyForDeploymentPostprocessing = 0;
		};
/* End PBXFrameworksBuildPhase section */

/* Begin PBXGroup section */
		DBBA277B1B79E5C60005C124 = {
			isa = PBXGroup;
			children = (
				DBBA27861B79E5C60005C124 /* MacNSTableView */,
				DBBA27851B79E5C60005C124 /* Products */,
			);
			sourceTree = "<group>";
		};
		DBBA27851B79E5C60005C124 /* Products */ = {
			isa = PBXGroup;
			children = (
				DBBA27841B79E5C60005C124 /* MacNSTableView.app */,
			);
			name = Products;
			sourceTree = "<group>";
		};
		DBBA27861B79E5C60005C124 /* MacNSTableView */ = {
			isa = PBXGroup;
			children = (
				DBBA27891B79E5C60005C124 /* AppDelegate.swift */,
				DBBA278B1B79E5C60005C124 /* Images.xcassets */,
				DBBA278D1B79E5C60005C124 /* MainMenu.xib */,
				DBBA27A41B79E9FB0005C124 /* CustomCell.xib */,
				DBBA27A61B79EA640005C124 /* CustomCell.swift */,
				DBBA27871B79E5C60005C124 /* Supporting Files */,
			);
			path = MacNSTableView;
			sourceTree = "<group>";
		};
		DBBA27871B79E5C60005C124 /* Supporting Files */ = {
			isa = PBXGroup;
			children = (
				DBBA27881B79E5C60005C124 /* Info.plist */,
			);
			name = "Supporting Files";
			sourceTree = "<group>";
		};
/* End PBXGroup section */

/* Begin PBXNativeTarget section */
		DBBA27831B79E5C60005C124 /* MacNSTableView */ = {
			isa = PBXNativeTarget;
			buildConfigurationList = DBBA279E1B79E5C60005C124 /* Build configuration list for PBXNativeTarget "MacNSTableView" */;
			buildPhases = (
				DBBA27801B79E5C60005C124 /* Sources */,
				DBBA27811B79E5C60005C124 /* Frameworks */,
				DBBA27821B79E5C60005C124 /* Resources */,
			);
			buildRules = (
			);
			dependencies = (
			);
			name = MacNSTableView;
			productName = MacNSTableView;
			productReference = DBBA27841B79E5C60005C124 /* MacNSTableView.app */;
			productType = "com.apple.product-type.application";
		};
/* End PBXNativeTarget section */

/* Begin PBXProject section */
		DBBA277C1B79E5C60005C124 /* Project object */ = {
			isa = PBXProject;
			attributes = {
				LastUpgradeCheck = 0640;
				ORGANIZATIONNAME = sxiaojian;
				TargetAttributes = {
					DBBA27831B79E5C60005C124 = {
						CreatedOnToolsVersion = 6.4;
						LastSwiftMigration = 0820;
					};
				};
			};
			buildConfigurationList = DBBA277F1B79E5C60005C124 /* Build configuration list for PBXProject "MacNSTableView" */;
			compatibilityVersion = "Xcode 3.2";
			developmentRegion = English;
			hasScannedForEncodings = 0;
			knownRegions = (
				en,
				Base,
			);
			mainGroup = DBBA277B1B79E5C60005C124;
			productRefGroup = DBBA27851B79E5C60005C124 /* Products */;
			projectDirPath = "";
			projectRoot = "";
			targets = (
				DBBA27831B79E5C60005C124 /* MacNSTableView */,
			);
		};
/* End PBXProject section */

/* Begin PBXResourcesBuildPhase section */
		DBBA27821B79E5C60005C124 /* Resources */ = {
			isa = PBXResourcesBuildPhase;
			buildActionMask = 2147483647;
			files = (
				DBBA27A51B79E9FB0005C124 /* CustomCell.xib in Resources */,
				DBBA278C1B79E5C60005C124 /* Images.xcassets in Resources */,
				DBBA278F1B79E5C60005C124 /* MainMenu.xib in Resources */,
			);
			runOnlyForDeploymentPostprocessing = 0;
		};
/* End PBXResourcesBuildPhase section */

/* Begin PBXSourcesBuildPhase section */
		DBBA27801B79E5C60005C124 /* Sources */ = {
			isa = PBXSourcesBuildPhase;
			buildActionMask = 2147483647;
			files = (
				DBBA27A71B79EA640005C124 /* CustomCell.swift in Sources */,
				DBBA278A1B79E5C60005C124 /* AppDelegate.swift in Sources */,
			);
			runOnlyForDeploymentPostprocessing = 0;
		};
/* End PBXSourcesBuildPhase section */

/* Begin PBXVariantGroup section */
		DBBA278D1B79E5C60005C124 /* MainMenu.xib */ = {
			isa = PBXVariantGroup;
			children = (
				DBBA278E1B79E5C60005C124 /* Base */,
			);
			name = MainMenu.xib;
			sourceTree = "<group>";
		};
/* End PBXVariantGroup section */

/* Begin XCBuildConfiguration section */
		DBBA279C1B79E5C60005C124 /* Debug */ = {
			isa = XCBuildConfiguration;
			buildSettings = {
				ALWAYS_SEARCH_USER_PATHS = NO;
				CLANG_CXX_LANGUAGE_STANDARD = "gnu++0x";
				CLANG_CXX_LIBRARY = "libc++";
				CLANG_ENABLE_MODULES = YES;
				CLANG_ENABLE_OBJC_ARC = YES;
				CLANG_WARN_BOOL_CONVERSION = YES;
				CLANG_WARN_CONSTANT_CONVERSION = YES;
				CLANG_WARN_DIRECT_OBJC_ISA_USAGE = YES_ERROR;
				CLANG_WARN_EMPTY_BODY = YES;
				CLANG_WARN_ENUM_CONVERSION = YES;
				CLANG_WARN_INT_CONVERSION = YES;
				CLANG_WARN_OBJC_ROOT_CLASS = YES_ERROR;
				CLANG_WARN_UNREACHABLE_CODE = YES;
				CLANG_WARN__DUPLICATE_METHOD_MATCH = YES;
				CODE_SIGN_IDENTITY = "-";
				COPY_PHASE_STRIP = NO;
				DEBUG_INFORMATION_FORMAT = dwarf;
				ENABLE_STRICT_OBJC_MSGSEND = YES;
				GCC_C_LANGUAGE_STANDARD = gnu99;
				GCC_DYNAMIC_NO_PIC = NO;
				GCC_NO_COMMON_BLOCKS = YES;
				GCC_OPTIMIZATION_LEVEL = 0;
				GCC_PREPROCESSOR_DEFINITIONS = (
					"DEBUG=1",
					"$(inherited)",
				);
				GCC_SYMBOLS_PRIVATE_EXTERN = NO;
				GCC_WARN_64_TO_32_BIT_CONVERSION = YES;
				GCC_WARN_ABOUT_RETURN_TYPE = YES_ERROR;
				GCC_WARN_UNDECLARED_SELECTOR = YES;
				GCC_WARN_UNINITIALIZED_AUTOS = YES_AGGRESSIVE;
				GCC_WARN_UNUSED_FUNCTION = YES;
				GCC_WARN_UNUSED_VARIABLE = YES;
				MACOSX_DEPLOYMENT_TARGET = 10.10;
				MTL_ENABLE_DEBUG_INFO = YES;
				ONLY_ACTIVE_ARCH = YES;
				SDKROOT = macosx;
				SWIFT_OPTIMIZATION_LEVEL = "-Onone";
			};
			name = Debug;
		};
		DBBA279D1B79E5C60005C124 /* Release */ = {
			isa = XCBuildConfiguration;
			buildSettings = {
				ALWAYS_SEARCH_USER_PATHS = NO;
				CLANG_CXX_LANGUAGE_STANDARD = "gnu++0x";
				CLANG_CXX_LIBRARY = "libc++";
				CLANG_ENABLE_MODULES = YES;
				CLANG_ENABLE_OBJC_ARC = YES;
				CLANG_WARN_BOOL_CONVERSION = YES;
				CLANG_WARN_CONSTANT_CONVERSION = YES;
				CLANG_WARN_DIRECT_OBJC_ISA_USAGE = YES_ERROR;
				CLANG_WARN_EMPTY_BODY = YES;
				CLANG_WARN_ENUM_CONVERSION = YES;
				CLANG_WARN_INT_CONVERSION = YES;
				CLANG_WARN_OBJC_ROOT_CLASS = YES_ERROR;
				CLANG_WARN_UNREACHABLE_CODE = YES;
				CLANG_WARN__DUPLICATE_METHOD_MATCH = YES;
				CODE_SIGN_IDENTITY = "-";
				COPY_PHASE_STRIP = NO;
				DEBUG_INFORMATION_FORMAT = "dwarf-with-dsym";
				ENABLE_NS_ASSERTIONS = NO;
				ENABLE_STRICT_OBJC_MSGSEND = YES;
				GCC_C_LANGUAGE_STANDARD = gnu99;
				GCC_NO_COMMON_BLOCKS = YES;
				GCC_WARN_64_TO_32_BIT_CONVERSION = YES;
				GCC_WARN_ABOUT_RETURN_TYPE = YES_ERROR;
				GCC_WARN_UNDECLARED_SELECTOR = YES;
				GCC_WARN_UNINITIALIZED_AUTOS = YES_AGGRESSIVE;
				GCC_WARN_UNUSED_FUNCTION = YES;
				GCC_WARN_UNUSED_VARIABLE = YES;
				MACOSX_DEPLOYMENT_TARGET = 10.10;
				MTL_ENABLE_DEBUG_INFO = NO;
				SDKROOT = macosx;
			};
			name = Release;
		};
		DBBA279F1B79E5C60005C124 /* Debug */ = {
			isa = XCBuildConfiguration;
			buildSettings = {
				ASSETCATALOG_COMPILER_APPICON_NAME = AppIcon;
				COMBINE_HIDPI_IMAGES = YES;
				INFOPLIST_FILE = MacNSTableView/Info.plist;
				LD_RUNPATH_SEARCH_PATHS = "$(inherited) @executable_path/../Frameworks";
				PRODUCT_NAME = "$(TARGET_NAME)";
				SWIFT_VERSION = 3.0;
			};
			name = Debug;
		};
		DBBA27A01B79E5C60005C124 /* Release */ = {
			isa = XCBuildConfiguration;
			buildSettings = {
				ASSETCATALOG_COMPILER_APPICON_NAME = AppIcon;
				COMBINE_HIDPI_IMAGES = YES;
				INFOPLIST_FILE = MacNSTableView/Info.plist;
				LD_RUNPATH_SEARCH_PATHS = "$(inherited) @executable_path/../Frameworks";
				PRODUCT_NAME = "$(TARGET_NAME)";
				SWIFT_VERSION = 3.0;
			};
			name = Release;
		};
/* End XCBuildConfiguration section */

/* Begin XCConfigurationList section */
		DBBA277F1B79E5C60005C124 /* Build configuration list for PBXProject "MacNSTableView" */ = {
			isa = XCConfigurationList;
			buildConfigurations = (
				DBBA279C1B79E5C60005C124 /* Debug */,
				DBBA279D1B79E5C60005C124 /* Release */,
			);
			defaultConfigurationIsVisible = 0;
			defaultConfigurationName = Release;
		};
		DBBA279E1B79E5C60005C124 /* Build configuration list for PBXNativeTarget "MacNSTableView" */ = {
			isa = XCConfigurationList;
			buildConfigurations = (
				DBBA279F1B79E5C60005C124 /* Debug */,
				DBBA27A01B79E5C60005C124 /* Release */,
			);
			defaultConfigurationIsVisible = 0;
			defaultConfigurationName = Release;
		};
/* End XCConfigurationList section */
	};
	rootObject = DBBA277C1B79E5C60005C124 /* Project object */;
}
